// !$*UTF8*$!
{
	archiveVersion = 1;
	classes = {
	};
	objectVersion = 56;
	objects = {

/* Begin PBXBuildFile section */
		22326D892C5A6A940079BD88 /* DataUSAViewModel.swift in Sources */ = {isa = PBXBuildFile; fileRef = 22326D882C5A6A940079BD88 /* DataUSAViewModel.swift */; };
		22326D8D2C5A6B7A0079BD88 /* NetworkService.swift in Sources */ = {isa = PBXBuildFile; fileRef = 22326D8C2C5A6B7A0079BD88 /* NetworkService.swift */; };
		22326D902C5A6EE80079BD88 /* StateData.swift in Sources */ = {isa = PBXBuildFile; fileRef = 22326D8F2C5A6EE80079BD88 /* StateData.swift */; };
		22326D962C5A851C0079BD88 /* DataType.swift in Sources */ = {isa = PBXBuildFile; fileRef = 22326D952C5A851C0079BD88 /* DataType.swift */; };
		22326D982C5A8D780079BD88 /* NationData.swift in Sources */ = {isa = PBXBuildFile; fileRef = 22326D972C5A8D780079BD88 /* NationData.swift */; };
		22326D9A2C5AA0860079BD88 /* NetworkError.swift in Sources */ = {isa = PBXBuildFile; fileRef = 22326D992C5AA0860079BD88 /* NetworkError.swift */; };
		22326D9F2C5AA0F80079BD88 /* LocalizableKeys.swift in Sources */ = {isa = PBXBuildFile; fileRef = 22326D9E2C5AA0F80079BD88 /* LocalizableKeys.swift */; };
		22326DA22C5AA1150079BD88 /* Localizable.strings in Resources */ = {isa = PBXBuildFile; fileRef = 22326DA02C5AA1150079BD88 /* Localizable.strings */; };
		22326DA52C5AA1820079BD88 /* String+Extension.swift in Sources */ = {isa = PBXBuildFile; fileRef = 22326DA42C5AA1820079BD88 /* String+Extension.swift */; };
		22326DA82C5AA45D0079BD88 /* DataUSAScreen.swift in Sources */ = {isa = PBXBuildFile; fileRef = 22326DA72C5AA45D0079BD88 /* DataUSAScreen.swift */; };
		224CC6542C5BC97B001B738C /* DataUSAListCell.swift in Sources */ = {isa = PBXBuildFile; fileRef = 224CC6532C5BC97B001B738C /* DataUSAListCell.swift */; };
		22EE67842C5A670000EAB0D0 /* DataUSAApp.swift in Sources */ = {isa = PBXBuildFile; fileRef = 22EE67832C5A670000EAB0D0 /* DataUSAApp.swift */; };
		22EE67862C5A670000EAB0D0 /* ContentView.swift in Sources */ = {isa = PBXBuildFile; fileRef = 22EE67852C5A670000EAB0D0 /* ContentView.swift */; };
		22EE67882C5A670200EAB0D0 /* Assets.xcassets in Resources */ = {isa = PBXBuildFile; fileRef = 22EE67872C5A670200EAB0D0 /* Assets.xcassets */; };
		22EE678B2C5A670200EAB0D0 /* Preview Assets.xcassets in Resources */ = {isa = PBXBuildFile; fileRef = 22EE678A2C5A670200EAB0D0 /* Preview Assets.xcassets */; };
		22EE679F2C5A670200EAB0D0 /* DataUSAUITests.swift in Sources */ = {isa = PBXBuildFile; fileRef = 22EE679E2C5A670200EAB0D0 /* DataUSAUITests.swift */; };
		22EE67A12C5A670200EAB0D0 /* DataUSAUITestsLaunchTests.swift in Sources */ = {isa = PBXBuildFile; fileRef = 22EE67A02C5A670200EAB0D0 /* DataUSAUITestsLaunchTests.swift */; };
		22FBA77D2C5BE3CC00905562 /* MockUrlProtocol.swift in Sources */ = {isa = PBXBuildFile; fileRef = 22FBA77C2C5BE3CC00905562 /* MockUrlProtocol.swift */; };
		22FBA77F2C5BE53500905562 /* NetworkServiceTests.swift in Sources */ = {isa = PBXBuildFile; fileRef = 22FBA77E2C5BE53500905562 /* NetworkServiceTests.swift */; };
		22FBA7812C5BE67B00905562 /* NationData+Mock.swift in Sources */ = {isa = PBXBuildFile; fileRef = 22FBA7802C5BE67B00905562 /* NationData+Mock.swift */; };
		22FBA7832C5BEABB00905562 /* MockNetworkService.swift in Sources */ = {isa = PBXBuildFile; fileRef = 22FBA7822C5BEABB00905562 /* MockNetworkService.swift */; };
		22FBA7852C5BF76800905562 /* DataUSAViewModelTests.swift in Sources */ = {isa = PBXBuildFile; fileRef = 22FBA7842C5BF76800905562 /* DataUSAViewModelTests.swift */; };
		22FBA7872C5BFCE600905562 /* StateData+Mock.swift in Sources */ = {isa = PBXBuildFile; fileRef = 22FBA7862C5BFCE600905562 /* StateData+Mock.swift */; };
/* End PBXBuildFile section */

/* Begin PBXContainerItemProxy section */
		22EE67912C5A670200EAB0D0 /* PBXContainerItemProxy */ = {
			isa = PBXContainerItemProxy;
			containerPortal = 22EE67782C5A66FF00EAB0D0 /* Project object */;
			proxyType = 1;
			remoteGlobalIDString = 22EE677F2C5A670000EAB0D0;
			remoteInfo = DataUSA;
		};
		22EE679B2C5A670200EAB0D0 /* PBXContainerItemProxy */ = {
			isa = PBXContainerItemProxy;
			containerPortal = 22EE67782C5A66FF00EAB0D0 /* Project object */;
			proxyType = 1;
			remoteGlobalIDString = 22EE677F2C5A670000EAB0D0;
			remoteInfo = DataUSA;
		};
/* End PBXContainerItemProxy section */

/* Begin PBXFileReference section */
		22326D882C5A6A940079BD88 /* DataUSAViewModel.swift */ = {isa = PBXFileReference; lastKnownFileType = sourcecode.swift; path = DataUSAViewModel.swift; sourceTree = "<group>"; };
		22326D8C2C5A6B7A0079BD88 /* NetworkService.swift */ = {isa = PBXFileReference; lastKnownFileType = sourcecode.swift; path = NetworkService.swift; sourceTree = "<group>"; };
		22326D8F2C5A6EE80079BD88 /* StateData.swift */ = {isa = PBXFileReference; lastKnownFileType = sourcecode.swift; path = StateData.swift; sourceTree = "<group>"; };
		22326D952C5A851C0079BD88 /* DataType.swift */ = {isa = PBXFileReference; lastKnownFileType = sourcecode.swift; path = DataType.swift; sourceTree = "<group>"; };
		22326D972C5A8D780079BD88 /* NationData.swift */ = {isa = PBXFileReference; lastKnownFileType = sourcecode.swift; path = NationData.swift; sourceTree = "<group>"; };
		22326D992C5AA0860079BD88 /* NetworkError.swift */ = {isa = PBXFileReference; lastKnownFileType = sourcecode.swift; path = NetworkError.swift; sourceTree = "<group>"; };
		22326D9E2C5AA0F80079BD88 /* LocalizableKeys.swift */ = {isa = PBXFileReference; lastKnownFileType = sourcecode.swift; path = LocalizableKeys.swift; sourceTree = "<group>"; };
		22326DA12C5AA1150079BD88 /* en */ = {isa = PBXFileReference; lastKnownFileType = text.plist.strings; name = en; path = en.lproj/Localizable.strings; sourceTree = "<group>"; };
		22326DA42C5AA1820079BD88 /* String+Extension.swift */ = {isa = PBXFileReference; lastKnownFileType = sourcecode.swift; path = "String+Extension.swift"; sourceTree = "<group>"; };
		22326DA72C5AA45D0079BD88 /* DataUSAScreen.swift */ = {isa = PBXFileReference; lastKnownFileType = sourcecode.swift; path = DataUSAScreen.swift; sourceTree = "<group>"; };
		224CC6532C5BC97B001B738C /* DataUSAListCell.swift */ = {isa = PBXFileReference; lastKnownFileType = sourcecode.swift; path = DataUSAListCell.swift; sourceTree = "<group>"; };
		22EE67802C5A670000EAB0D0 /* DataUSA.app */ = {isa = PBXFileReference; explicitFileType = wrapper.application; includeInIndex = 0; path = DataUSA.app; sourceTree = BUILT_PRODUCTS_DIR; };
		22EE67832C5A670000EAB0D0 /* DataUSAApp.swift */ = {isa = PBXFileReference; lastKnownFileType = sourcecode.swift; path = DataUSAApp.swift; sourceTree = "<group>"; };
		22EE67852C5A670000EAB0D0 /* ContentView.swift */ = {isa = PBXFileReference; lastKnownFileType = sourcecode.swift; path = ContentView.swift; sourceTree = "<group>"; };
		22EE67872C5A670200EAB0D0 /* Assets.xcassets */ = {isa = PBXFileReference; lastKnownFileType = folder.assetcatalog; path = Assets.xcassets; sourceTree = "<group>"; };
		22EE678A2C5A670200EAB0D0 /* Preview Assets.xcassets */ = {isa = PBXFileReference; lastKnownFileType = folder.assetcatalog; path = "Preview Assets.xcassets"; sourceTree = "<group>"; };
		22EE67902C5A670200EAB0D0 /* DataUSATests.xctest */ = {isa = PBXFileReference; explicitFileType = wrapper.cfbundle; includeInIndex = 0; path = DataUSATests.xctest; sourceTree = BUILT_PRODUCTS_DIR; };
		22EE679A2C5A670200EAB0D0 /* DataUSAUITests.xctest */ = {isa = PBXFileReference; explicitFileType = wrapper.cfbundle; includeInIndex = 0; path = DataUSAUITests.xctest; sourceTree = BUILT_PRODUCTS_DIR; };
		22EE679E2C5A670200EAB0D0 /* DataUSAUITests.swift */ = {isa = PBXFileReference; lastKnownFileType = sourcecode.swift; path = DataUSAUITests.swift; sourceTree = "<group>"; };
		22EE67A02C5A670200EAB0D0 /* DataUSAUITestsLaunchTests.swift */ = {isa = PBXFileReference; lastKnownFileType = sourcecode.swift; path = DataUSAUITestsLaunchTests.swift; sourceTree = "<group>"; };
		22FBA77C2C5BE3CC00905562 /* MockUrlProtocol.swift */ = {isa = PBXFileReference; lastKnownFileType = sourcecode.swift; path = MockUrlProtocol.swift; sourceTree = "<group>"; };
		22FBA77E2C5BE53500905562 /* NetworkServiceTests.swift */ = {isa = PBXFileReference; lastKnownFileType = sourcecode.swift; path = NetworkServiceTests.swift; sourceTree = "<group>"; };
		22FBA7802C5BE67B00905562 /* NationData+Mock.swift */ = {isa = PBXFileReference; lastKnownFileType = sourcecode.swift; path = "NationData+Mock.swift"; sourceTree = "<group>"; };
		22FBA7822C5BEABB00905562 /* MockNetworkService.swift */ = {isa = PBXFileReference; lastKnownFileType = sourcecode.swift; path = MockNetworkService.swift; sourceTree = "<group>"; };
		22FBA7842C5BF76800905562 /* DataUSAViewModelTests.swift */ = {isa = PBXFileReference; lastKnownFileType = sourcecode.swift; path = DataUSAViewModelTests.swift; sourceTree = "<group>"; };
		22FBA7862C5BFCE600905562 /* StateData+Mock.swift */ = {isa = PBXFileReference; lastKnownFileType = sourcecode.swift; path = "StateData+Mock.swift"; sourceTree = "<group>"; };
/* End PBXFileReference section */

/* Begin PBXFrameworksBuildPhase section */
		22EE677D2C5A670000EAB0D0 /* Frameworks */ = {
			isa = PBXFrameworksBuildPhase;
			buildActionMask = 2147483647;
			files = (
			);
			runOnlyForDeploymentPostprocessing = 0;
		};
		22EE678D2C5A670200EAB0D0 /* Frameworks */ = {
			isa = PBXFrameworksBuildPhase;
			buildActionMask = 2147483647;
			files = (
			);
			runOnlyForDeploymentPostprocessing = 0;
		};
		22EE67972C5A670200EAB0D0 /* Frameworks */ = {
			isa = PBXFrameworksBuildPhase;
			buildActionMask = 2147483647;
			files = (
			);
			runOnlyForDeploymentPostprocessing = 0;
		};
/* End PBXFrameworksBuildPhase section */

/* Begin PBXGroup section */
		22326D872C5A6A7F0079BD88 /* ViewModel */ = {
			isa = PBXGroup;
			children = (
				22326D882C5A6A940079BD88 /* DataUSAViewModel.swift */,
			);
			path = ViewModel;
			sourceTree = "<group>";
		};
		22326D8A2C5A6B650079BD88 /* NetworkService */ = {
			isa = PBXGroup;
			children = (
				22326D8C2C5A6B7A0079BD88 /* NetworkService.swift */,
			);
			path = NetworkService;
			sourceTree = "<group>";
		};
		22326D8E2C5A6CBB0079BD88 /* Model */ = {
			isa = PBXGroup;
			children = (
				22326D972C5A8D780079BD88 /* NationData.swift */,
				22326D8F2C5A6EE80079BD88 /* StateData.swift */,
			);
			path = Model;
			sourceTree = "<group>";
		};
		22326D942C5A85120079BD88 /* Base */ = {
			isa = PBXGroup;
			children = (
				22326DA32C5AA1610079BD88 /* Extension */,
				22326D9C2C5AA0D10079BD88 /* DataType */,
				22326D9B2C5AA0C50079BD88 /* Localizables */,
				22326D9D2C5AA0DC0079BD88 /* Errors */,
			);
			path = Base;
			sourceTree = "<group>";
		};
		22326D9B2C5AA0C50079BD88 /* Localizables */ = {
			isa = PBXGroup;
			children = (
				22326D9E2C5AA0F80079BD88 /* LocalizableKeys.swift */,
				22326DA02C5AA1150079BD88 /* Localizable.strings */,
			);
			path = Localizables;
			sourceTree = "<group>";
		};
		22326D9C2C5AA0D10079BD88 /* DataType */ = {
			isa = PBXGroup;
			children = (
				22326D952C5A851C0079BD88 /* DataType.swift */,
			);
			path = DataType;
			sourceTree = "<group>";
		};
		22326D9D2C5AA0DC0079BD88 /* Errors */ = {
			isa = PBXGroup;
			children = (
				22326D992C5AA0860079BD88 /* NetworkError.swift */,
			);
			path = Errors;
			sourceTree = "<group>";
		};
		22326DA32C5AA1610079BD88 /* Extension */ = {
			isa = PBXGroup;
			children = (
				22326DA42C5AA1820079BD88 /* String+Extension.swift */,
			);
			path = Extension;
			sourceTree = "<group>";
		};
		22326DA62C5AA43D0079BD88 /* Screen */ = {
			isa = PBXGroup;
			children = (
				224CC6522C5BC95D001B738C /* DataUSAListCell */,
				22326DA72C5AA45D0079BD88 /* DataUSAScreen.swift */,
			);
			path = Screen;
			sourceTree = "<group>";
		};
		224CC6522C5BC95D001B738C /* DataUSAListCell */ = {
			isa = PBXGroup;
			children = (
				224CC6532C5BC97B001B738C /* DataUSAListCell.swift */,
			);
			name = DataUSAListCell;
			sourceTree = "<group>";
		};
		22EE67772C5A66FF00EAB0D0 = {
			isa = PBXGroup;
			children = (
				22EE67822C5A670000EAB0D0 /* DataUSA */,
				22EE67932C5A670200EAB0D0 /* DataUSATests */,
				22EE679D2C5A670200EAB0D0 /* DataUSAUITests */,
				22EE67812C5A670000EAB0D0 /* Products */,
			);
			sourceTree = "<group>";
		};
		22EE67812C5A670000EAB0D0 /* Products */ = {
			isa = PBXGroup;
			children = (
				22EE67802C5A670000EAB0D0 /* DataUSA.app */,
				22EE67902C5A670200EAB0D0 /* DataUSATests.xctest */,
				22EE679A2C5A670200EAB0D0 /* DataUSAUITests.xctest */,
			);
			name = Products;
			sourceTree = "<group>";
		};
		22EE67822C5A670000EAB0D0 /* DataUSA */ = {
			isa = PBXGroup;
			children = (
				22326D942C5A85120079BD88 /* Base */,
				22326D8E2C5A6CBB0079BD88 /* Model */,
				22326D8A2C5A6B650079BD88 /* NetworkService */,
				22326D872C5A6A7F0079BD88 /* ViewModel */,
				22326DA62C5AA43D0079BD88 /* Screen */,
				22EE67832C5A670000EAB0D0 /* DataUSAApp.swift */,
				22EE67852C5A670000EAB0D0 /* ContentView.swift */,
				22EE67872C5A670200EAB0D0 /* Assets.xcassets */,
				22EE67892C5A670200EAB0D0 /* Preview Content */,
			);
			path = DataUSA;
			sourceTree = "<group>";
		};
		22EE67892C5A670200EAB0D0 /* Preview Content */ = {
			isa = PBXGroup;
			children = (
				22EE678A2C5A670200EAB0D0 /* Preview Assets.xcassets */,
			);
			path = "Preview Content";
			sourceTree = "<group>";
		};
		22EE67932C5A670200EAB0D0 /* DataUSATests */ = {
			isa = PBXGroup;
			children = (
				22FBA7792C5BE0F800905562 /* Mocks */,
				22FBA77E2C5BE53500905562 /* NetworkServiceTests.swift */,
				22FBA7842C5BF76800905562 /* DataUSAViewModelTests.swift */,
			);
			path = DataUSATests;
			sourceTree = "<group>";
		};
		22EE679D2C5A670200EAB0D0 /* DataUSAUITests */ = {
			isa = PBXGroup;
			children = (
				22EE679E2C5A670200EAB0D0 /* DataUSAUITests.swift */,
				22EE67A02C5A670200EAB0D0 /* DataUSAUITestsLaunchTests.swift */,
			);
			path = DataUSAUITests;
			sourceTree = "<group>";
		};
		22FBA7792C5BE0F800905562 /* Mocks */ = {
			isa = PBXGroup;
			children = (
				22FBA7882C5C011900905562 /* Model+Mock */,
				22FBA77C2C5BE3CC00905562 /* MockUrlProtocol.swift */,
				22FBA7822C5BEABB00905562 /* MockNetworkService.swift */,
			);
			path = Mocks;
			sourceTree = "<group>";
		};
		22FBA7882C5C011900905562 /* Model+Mock */ = {
			isa = PBXGroup;
			children = (
				22FBA7802C5BE67B00905562 /* NationData+Mock.swift */,
				22FBA7862C5BFCE600905562 /* StateData+Mock.swift */,
			);
			path = "Model+Mock";
			sourceTree = "<group>";
		};
/* End PBXGroup section */

/* Begin PBXNativeTarget section */
		22EE677F2C5A670000EAB0D0 /* DataUSA */ = {
			isa = PBXNativeTarget;
			buildConfigurationList = 22EE67A42C5A670200EAB0D0 /* Build configuration list for PBXNativeTarget "DataUSA" */;
			buildPhases = (
				22EE677C2C5A670000EAB0D0 /* Sources */,
				22EE677D2C5A670000EAB0D0 /* Frameworks */,
				22EE677E2C5A670000EAB0D0 /* Resources */,
			);
			buildRules = (
			);
			dependencies = (
			);
			name = DataUSA;
			productName = DataUSA;
			productReference = 22EE67802C5A670000EAB0D0 /* DataUSA.app */;
			productType = "com.apple.product-type.application";
		};
		22EE678F2C5A670200EAB0D0 /* DataUSATests */ = {
			isa = PBXNativeTarget;
			buildConfigurationList = 22EE67A72C5A670200EAB0D0 /* Build configuration list for PBXNativeTarget "DataUSATests" */;
			buildPhases = (
				22EE678C2C5A670200EAB0D0 /* Sources */,
				22EE678D2C5A670200EAB0D0 /* Frameworks */,
				22EE678E2C5A670200EAB0D0 /* Resources */,
			);
			buildRules = (
			);
			dependencies = (
				22EE67922C5A670200EAB0D0 /* PBXTargetDependency */,
			);
			name = DataUSATests;
			productName = DataUSATests;
			productReference = 22EE67902C5A670200EAB0D0 /* DataUSATests.xctest */;
			productType = "com.apple.product-type.bundle.unit-test";
		};
		22EE67992C5A670200EAB0D0 /* DataUSAUITests */ = {
			isa = PBXNativeTarget;
			buildConfigurationList = 22EE67AA2C5A670200EAB0D0 /* Build configuration list for PBXNativeTarget "DataUSAUITests" */;
			buildPhases = (
				22EE67962C5A670200EAB0D0 /* Sources */,
				22EE67972C5A670200EAB0D0 /* Frameworks */,
				22EE67982C5A670200EAB0D0 /* Resources */,
			);
			buildRules = (
			);
			dependencies = (
				22EE679C2C5A670200EAB0D0 /* PBXTargetDependency */,
			);
			name = DataUSAUITests;
			productName = DataUSAUITests;
			productReference = 22EE679A2C5A670200EAB0D0 /* DataUSAUITests.xctest */;
			productType = "com.apple.product-type.bundle.ui-testing";
		};
/* End PBXNativeTarget section */

/* Begin PBXProject section */
		22EE67782C5A66FF00EAB0D0 /* Project object */ = {
			isa = PBXProject;
			attributes = {
				BuildIndependentTargetsInParallel = 1;
				LastSwiftUpdateCheck = 1540;
				LastUpgradeCheck = 1540;
				TargetAttributes = {
					22EE677F2C5A670000EAB0D0 = {
						CreatedOnToolsVersion = 15.4;
					};
					22EE678F2C5A670200EAB0D0 = {
						CreatedOnToolsVersion = 15.4;
						TestTargetID = 22EE677F2C5A670000EAB0D0;
					};
					22EE67992C5A670200EAB0D0 = {
						CreatedOnToolsVersion = 15.4;
						TestTargetID = 22EE677F2C5A670000EAB0D0;
					};
				};
			};
			buildConfigurationList = 22EE677B2C5A66FF00EAB0D0 /* Build configuration list for PBXProject "DataUSA" */;
			compatibilityVersion = "Xcode 14.0";
			developmentRegion = en;
			hasScannedForEncodings = 0;
			knownRegions = (
				en,
				Base,
			);
			mainGroup = 22EE67772C5A66FF00EAB0D0;
			productRefGroup = 22EE67812C5A670000EAB0D0 /* Products */;
			projectDirPath = "";
			projectRoot = "";
			targets = (
				22EE677F2C5A670000EAB0D0 /* DataUSA */,
				22EE678F2C5A670200EAB0D0 /* DataUSATests */,
				22EE67992C5A670200EAB0D0 /* DataUSAUITests */,
			);
		};
/* End PBXProject section */

/* Begin PBXResourcesBuildPhase section */
		22EE677E2C5A670000EAB0D0 /* Resources */ = {
			isa = PBXResourcesBuildPhase;
			buildActionMask = 2147483647;
			files = (
				22EE678B2C5A670200EAB0D0 /* Preview Assets.xcassets in Resources */,
				22326DA22C5AA1150079BD88 /* Localizable.strings in Resources */,
				22EE67882C5A670200EAB0D0 /* Assets.xcassets in Resources */,
			);
			runOnlyForDeploymentPostprocessing = 0;
		};
		22EE678E2C5A670200EAB0D0 /* Resources */ = {
			isa = PBXResourcesBuildPhase;
			buildActionMask = 2147483647;
			files = (
			);
			runOnlyForDeploymentPostprocessing = 0;
		};
		22EE67982C5A670200EAB0D0 /* Resources */ = {
			isa = PBXResourcesBuildPhase;
			buildActionMask = 2147483647;
			files = (
			);
			runOnlyForDeploymentPostprocessing = 0;
		};
/* End PBXResourcesBuildPhase section */

/* Begin PBXSourcesBuildPhase section */
		22EE677C2C5A670000EAB0D0 /* Sources */ = {
			isa = PBXSourcesBuildPhase;
			buildActionMask = 2147483647;
			files = (
				22EE67862C5A670000EAB0D0 /* ContentView.swift in Sources */,
				22326D9A2C5AA0860079BD88 /* NetworkError.swift in Sources */,
				22EE67842C5A670000EAB0D0 /* DataUSAApp.swift in Sources */,
				22326D8D2C5A6B7A0079BD88 /* NetworkService.swift in Sources */,
				22326D902C5A6EE80079BD88 /* StateData.swift in Sources */,
				22326D982C5A8D780079BD88 /* NationData.swift in Sources */,
				22326D9F2C5AA0F80079BD88 /* LocalizableKeys.swift in Sources */,
				224CC6542C5BC97B001B738C /* DataUSAListCell.swift in Sources */,
				22326D892C5A6A940079BD88 /* DataUSAViewModel.swift in Sources */,
				22326DA82C5AA45D0079BD88 /* DataUSAScreen.swift in Sources */,
				22326DA52C5AA1820079BD88 /* String+Extension.swift in Sources */,
				22326D962C5A851C0079BD88 /* DataType.swift in Sources */,
			);
			runOnlyForDeploymentPostprocessing = 0;
		};
		22EE678C2C5A670200EAB0D0 /* Sources */ = {
			isa = PBXSourcesBuildPhase;
			buildActionMask = 2147483647;
			files = (
				22FBA7852C5BF76800905562 /* DataUSAViewModelTests.swift in Sources */,
				22FBA7832C5BEABB00905562 /* MockNetworkService.swift in Sources */,
				22FBA77D2C5BE3CC00905562 /* MockUrlProtocol.swift in Sources */,
				22FBA77F2C5BE53500905562 /* NetworkServiceTests.swift in Sources */,
				22FBA7812C5BE67B00905562 /* NationData+Mock.swift in Sources */,
				22FBA7872C5BFCE600905562 /* StateData+Mock.swift in Sources */,
			);
			runOnlyForDeploymentPostprocessing = 0;
		};
		22EE67962C5A670200EAB0D0 /* Sources */ = {
			isa = PBXSourcesBuildPhase;
			buildActionMask = 2147483647;
			files = (
				22EE67A12C5A670200EAB0D0 /* DataUSAUITestsLaunchTests.swift in Sources */,
				22EE679F2C5A670200EAB0D0 /* DataUSAUITests.swift in Sources */,
			);
			runOnlyForDeploymentPostprocessing = 0;
		};
/* End PBXSourcesBuildPhase section */

/* Begin PBXTargetDependency section */
		22EE67922C5A670200EAB0D0 /* PBXTargetDependency */ = {
			isa = PBXTargetDependency;
			target = 22EE677F2C5A670000EAB0D0 /* DataUSA */;
			targetProxy = 22EE67912C5A670200EAB0D0 /* PBXContainerItemProxy */;
		};
		22EE679C2C5A670200EAB0D0 /* PBXTargetDependency */ = {
			isa = PBXTargetDependency;
			target = 22EE677F2C5A670000EAB0D0 /* DataUSA */;
			targetProxy = 22EE679B2C5A670200EAB0D0 /* PBXContainerItemProxy */;
		};
/* End PBXTargetDependency section */

/* Begin PBXVariantGroup section */
		22326DA02C5AA1150079BD88 /* Localizable.strings */ = {
			isa = PBXVariantGroup;
			children = (
				22326DA12C5AA1150079BD88 /* en */,
			);
			name = Localizable.strings;
			sourceTree = "<group>";
		};
/* End PBXVariantGroup section */

/* Begin XCBuildConfiguration section */
		22EE67A22C5A670200EAB0D0 /* Debug */ = {
			isa = XCBuildConfiguration;
			buildSettings = {
				ALWAYS_SEARCH_USER_PATHS = NO;
				ASSETCATALOG_COMPILER_GENERATE_SWIFT_ASSET_SYMBOL_EXTENSIONS = YES;
				CLANG_ANALYZER_NONNULL = YES;
				CLANG_ANALYZER_NUMBER_OBJECT_CONVERSION = YES_AGGRESSIVE;
				CLANG_CXX_LANGUAGE_STANDARD = "gnu++20";
				CLANG_ENABLE_MODULES = YES;
				CLANG_ENABLE_OBJC_ARC = YES;
				CLANG_ENABLE_OBJC_WEAK = YES;
				CLANG_WARN_BLOCK_CAPTURE_AUTORELEASING = YES;
				CLANG_WARN_BOOL_CONVERSION = YES;
				CLANG_WARN_COMMA = YES;
				CLANG_WARN_CONSTANT_CONVERSION = YES;
				CLANG_WARN_DEPRECATED_OBJC_IMPLEMENTATIONS = YES;
				CLANG_WARN_DIRECT_OBJC_ISA_USAGE = YES_ERROR;
				CLANG_WARN_DOCUMENTATION_COMMENTS = YES;
				CLANG_WARN_EMPTY_BODY = YES;
				CLANG_WARN_ENUM_CONVERSION = YES;
				CLANG_WARN_INFINITE_RECURSION = YES;
				CLANG_WARN_INT_CONVERSION = YES;
				CLANG_WARN_NON_LITERAL_NULL_CONVERSION = YES;
				CLANG_WARN_OBJC_IMPLICIT_RETAIN_SELF = YES;
				CLANG_WARN_OBJC_LITERAL_CONVERSION = YES;
				CLANG_WARN_OBJC_ROOT_CLASS = YES_ERROR;
				CLANG_WARN_QUOTED_INCLUDE_IN_FRAMEWORK_HEADER = YES;
				CLANG_WARN_RANGE_LOOP_ANALYSIS = YES;
				CLANG_WARN_STRICT_PROTOTYPES = YES;
				CLANG_WARN_SUSPICIOUS_MOVE = YES;
				CLANG_WARN_UNGUARDED_AVAILABILITY = YES_AGGRESSIVE;
				CLANG_WARN_UNREACHABLE_CODE = YES;
				CLANG_WARN__DUPLICATE_METHOD_MATCH = YES;
				COPY_PHASE_STRIP = NO;
				DEBUG_INFORMATION_FORMAT = dwarf;
				ENABLE_STRICT_OBJC_MSGSEND = YES;
				ENABLE_TESTABILITY = YES;
				ENABLE_USER_SCRIPT_SANDBOXING = YES;
				GCC_C_LANGUAGE_STANDARD = gnu17;
				GCC_DYNAMIC_NO_PIC = NO;
				GCC_NO_COMMON_BLOCKS = YES;
				GCC_OPTIMIZATION_LEVEL = 0;
				GCC_PREPROCESSOR_DEFINITIONS = (
					"DEBUG=1",
					"$(inherited)",
				);
				GCC_WARN_64_TO_32_BIT_CONVERSION = YES;
				GCC_WARN_ABOUT_RETURN_TYPE = YES_ERROR;
				GCC_WARN_UNDECLARED_SELECTOR = YES;
				GCC_WARN_UNINITIALIZED_AUTOS = YES_AGGRESSIVE;
				GCC_WARN_UNUSED_FUNCTION = YES;
				GCC_WARN_UNUSED_VARIABLE = YES;
				IPHONEOS_DEPLOYMENT_TARGET = 17.5;
				LOCALIZATION_PREFERS_STRING_CATALOGS = YES;
				MTL_ENABLE_DEBUG_INFO = INCLUDE_SOURCE;
				MTL_FAST_MATH = YES;
				ONLY_ACTIVE_ARCH = YES;
				SDKROOT = iphoneos;
				SWIFT_ACTIVE_COMPILATION_CONDITIONS = "DEBUG $(inherited)";
				SWIFT_OPTIMIZATION_LEVEL = "-Onone";
			};
			name = Debug;
		};
		22EE67A32C5A670200EAB0D0 /* Release */ = {
			isa = XCBuildConfiguration;
			buildSettings = {
				ALWAYS_SEARCH_USER_PATHS = NO;
				ASSETCATALOG_COMPILER_GENERATE_SWIFT_ASSET_SYMBOL_EXTENSIONS = YES;
				CLANG_ANALYZER_NONNULL = YES;
				CLANG_ANALYZER_NUMBER_OBJECT_CONVERSION = YES_AGGRESSIVE;
				CLANG_CXX_LANGUAGE_STANDARD = "gnu++20";
				CLANG_ENABLE_MODULES = YES;
				CLANG_ENABLE_OBJC_ARC = YES;
				CLANG_ENABLE_OBJC_WEAK = YES;
				CLANG_WARN_BLOCK_CAPTURE_AUTORELEASING = YES;
				CLANG_WARN_BOOL_CONVERSION = YES;
				CLANG_WARN_COMMA = YES;
				CLANG_WARN_CONSTANT_CONVERSION = YES;
				CLANG_WARN_DEPRECATED_OBJC_IMPLEMENTATIONS = YES;
				CLANG_WARN_DIRECT_OBJC_ISA_USAGE = YES_ERROR;
				CLANG_WARN_DOCUMENTATION_COMMENTS = YES;
				CLANG_WARN_EMPTY_BODY = YES;
				CLANG_WARN_ENUM_CONVERSION = YES;
				CLANG_WARN_INFINITE_RECURSION = YES;
				CLANG_WARN_INT_CONVERSION = YES;
				CLANG_WARN_NON_LITERAL_NULL_CONVERSION = YES;
				CLANG_WARN_OBJC_IMPLICIT_RETAIN_SELF = YES;
				CLANG_WARN_OBJC_LITERAL_CONVERSION = YES;
				CLANG_WARN_OBJC_ROOT_CLASS = YES_ERROR;
				CLANG_WARN_QUOTED_INCLUDE_IN_FRAMEWORK_HEADER = YES;
				CLANG_WARN_RANGE_LOOP_ANALYSIS = YES;
				CLANG_WARN_STRICT_PROTOTYPES = YES;
				CLANG_WARN_SUSPICIOUS_MOVE = YES;
				CLANG_WARN_UNGUARDED_AVAILABILITY = YES_AGGRESSIVE;
				CLANG_WARN_UNREACHABLE_CODE = YES;
				CLANG_WARN__DUPLICATE_METHOD_MATCH = YES;
				COPY_PHASE_STRIP = NO;
				DEBUG_INFORMATION_FORMAT = "dwarf-with-dsym";
				ENABLE_NS_ASSERTIONS = NO;
				ENABLE_STRICT_OBJC_MSGSEND = YES;
				ENABLE_USER_SCRIPT_SANDBOXING = YES;
				GCC_C_LANGUAGE_STANDARD = gnu17;
				GCC_NO_COMMON_BLOCKS = YES;
				GCC_WARN_64_TO_32_BIT_CONVERSION = YES;
				GCC_WARN_ABOUT_RETURN_TYPE = YES_ERROR;
				GCC_WARN_UNDECLARED_SELECTOR = YES;
				GCC_WARN_UNINITIALIZED_AUTOS = YES_AGGRESSIVE;
				GCC_WARN_UNUSED_FUNCTION = YES;
				GCC_WARN_UNUSED_VARIABLE = YES;
				IPHONEOS_DEPLOYMENT_TARGET = 17.5;
				LOCALIZATION_PREFERS_STRING_CATALOGS = YES;
				MTL_ENABLE_DEBUG_INFO = NO;
				MTL_FAST_MATH = YES;
				SDKROOT = iphoneos;
				SWIFT_COMPILATION_MODE = wholemodule;
				VALIDATE_PRODUCT = YES;
			};
			name = Release;
		};
		22EE67A52C5A670200EAB0D0 /* Debug */ = {
			isa = XCBuildConfiguration;
			buildSettings = {
				ASSETCATALOG_COMPILER_APPICON_NAME = AppIcon;
				ASSETCATALOG_COMPILER_GLOBAL_ACCENT_COLOR_NAME = AccentColor;
				CODE_SIGN_STYLE = Automatic;
				CURRENT_PROJECT_VERSION = 1;
				DEVELOPMENT_ASSET_PATHS = "\"DataUSA/Preview Content\"";
				ENABLE_PREVIEWS = YES;
				GENERATE_INFOPLIST_FILE = YES;
				INFOPLIST_KEY_UIApplicationSceneManifest_Generation = YES;
				INFOPLIST_KEY_UIApplicationSupportsIndirectInputEvents = YES;
				INFOPLIST_KEY_UILaunchScreen_Generation = YES;
				INFOPLIST_KEY_UISupportedInterfaceOrientations_iPad = "UIInterfaceOrientationPortrait UIInterfaceOrientationPortraitUpsideDown UIInterfaceOrientationLandscapeLeft UIInterfaceOrientationLandscapeRight";
				INFOPLIST_KEY_UISupportedInterfaceOrientations_iPhone = "UIInterfaceOrientationPortrait UIInterfaceOrientationLandscapeLeft UIInterfaceOrientationLandscapeRight";
				LD_RUNPATH_SEARCH_PATHS = (
					"$(inherited)",
					"@executable_path/Frameworks",
				);
				MARKETING_VERSION = 1.0;
				PRODUCT_BUNDLE_IDENTIFIER = GoncaloSerraAlmeida.DataUSA;
				PRODUCT_NAME = "$(TARGET_NAME)";
				SWIFT_EMIT_LOC_STRINGS = YES;
				SWIFT_VERSION = 5.0;
				TARGETED_DEVICE_FAMILY = "1,2";
			};
			name = Debug;
		};
		22EE67A62C5A670200EAB0D0 /* Release */ = {
			isa = XCBuildConfiguration;
			buildSettings = {
				ASSETCATALOG_COMPILER_APPICON_NAME = AppIcon;
				ASSETCATALOG_COMPILER_GLOBAL_ACCENT_COLOR_NAME = AccentColor;
				CODE_SIGN_STYLE = Automatic;
				CURRENT_PROJECT_VERSION = 1;
				DEVELOPMENT_ASSET_PATHS = "\"DataUSA/Preview Content\"";
				ENABLE_PREVIEWS = YES;
				GENERATE_INFOPLIST_FILE = YES;
				INFOPLIST_KEY_UIApplicationSceneManifest_Generation = YES;
				INFOPLIST_KEY_UIApplicationSupportsIndirectInputEvents = YES;
				INFOPLIST_KEY_UILaunchScreen_Generation = YES;
				INFOPLIST_KEY_UISupportedInterfaceOrientations_iPad = "UIInterfaceOrientationPortrait UIInterfaceOrientationPortraitUpsideDown UIInterfaceOrientationLandscapeLeft UIInterfaceOrientationLandscapeRight";
				INFOPLIST_KEY_UISupportedInterfaceOrientations_iPhone = "UIInterfaceOrientationPortrait UIInterfaceOrientationLandscapeLeft UIInterfaceOrientationLandscapeRight";
				LD_RUNPATH_SEARCH_PATHS = (
					"$(inherited)",
					"@executable_path/Frameworks",
				);
				MARKETING_VERSION = 1.0;
				PRODUCT_BUNDLE_IDENTIFIER = GoncaloSerraAlmeida.DataUSA;
				PRODUCT_NAME = "$(TARGET_NAME)";
				SWIFT_EMIT_LOC_STRINGS = YES;
				SWIFT_VERSION = 5.0;
				TARGETED_DEVICE_FAMILY = "1,2";
			};
			name = Release;
		};
		22EE67A82C5A670200EAB0D0 /* Debug */ = {
			isa = XCBuildConfiguration;
			buildSettings = {
				ALWAYS_EMBED_SWIFT_STANDARD_LIBRARIES = YES;
				BUNDLE_LOADER = "$(TEST_HOST)";
				CODE_SIGN_STYLE = Automatic;
				CURRENT_PROJECT_VERSION = 1;
				GENERATE_INFOPLIST_FILE = YES;
				IPHONEOS_DEPLOYMENT_TARGET = 17.5;
				MARKETING_VERSION = 1.0;
				PRODUCT_BUNDLE_IDENTIFIER = GoncaloSerraAlmeida.DataUSATests;
				PRODUCT_NAME = "$(TARGET_NAME)";
				SWIFT_EMIT_LOC_STRINGS = NO;
				SWIFT_VERSION = 5.0;
				TARGETED_DEVICE_FAMILY = "1,2";
				TEST_HOST = "$(BUILT_PRODUCTS_DIR)/DataUSA.app/$(BUNDLE_EXECUTABLE_FOLDER_PATH)/DataUSA";
			};
			name = Debug;
		};
		22EE67A92C5A670200EAB0D0 /* Release */ = {
			isa = XCBuildConfiguration;
			buildSettings = {
				ALWAYS_EMBED_SWIFT_STANDARD_LIBRARIES = YES;
				BUNDLE_LOADER = "$(TEST_HOST)";
				CODE_SIGN_STYLE = Automatic;
				CURRENT_PROJECT_VERSION = 1;
				GENERATE_INFOPLIST_FILE = YES;
				IPHONEOS_DEPLOYMENT_TARGET = 17.5;
				MARKETING_VERSION = 1.0;
				PRODUCT_BUNDLE_IDENTIFIER = GoncaloSerraAlmeida.DataUSATests;
				PRODUCT_NAME = "$(TARGET_NAME)";
				SWIFT_EMIT_LOC_STRINGS = NO;
				SWIFT_VERSION = 5.0;
				TARGETED_DEVICE_FAMILY = "1,2";
				TEST_HOST = "$(BUILT_PRODUCTS_DIR)/DataUSA.app/$(BUNDLE_EXECUTABLE_FOLDER_PATH)/DataUSA";
			};
			name = Release;
		};
		22EE67AB2C5A670200EAB0D0 /* Debug */ = {
			isa = XCBuildConfiguration;
			buildSettings = {
				ALWAYS_EMBED_SWIFT_STANDARD_LIBRARIES = YES;
				CODE_SIGN_STYLE = Automatic;
				CURRENT_PROJECT_VERSION = 1;
				GENERATE_INFOPLIST_FILE = YES;
				MARKETING_VERSION = 1.0;
				PRODUCT_BUNDLE_IDENTIFIER = GoncaloSerraAlmeida.DataUSAUITests;
				PRODUCT_NAME = "$(TARGET_NAME)";
				SWIFT_EMIT_LOC_STRINGS = NO;
				SWIFT_VERSION = 5.0;
				TARGETED_DEVICE_FAMILY = "1,2";
				TEST_TARGET_NAME = DataUSA;
			};
			name = Debug;
		};
		22EE67AC2C5A670200EAB0D0 /* Release */ = {
			isa = XCBuildConfiguration;
			buildSettings = {
				ALWAYS_EMBED_SWIFT_STANDARD_LIBRARIES = YES;
				CODE_SIGN_STYLE = Automatic;
				CURRENT_PROJECT_VERSION = 1;
				GENERATE_INFOPLIST_FILE = YES;
				MARKETING_VERSION = 1.0;
				PRODUCT_BUNDLE_IDENTIFIER = GoncaloSerraAlmeida.DataUSAUITests;
				PRODUCT_NAME = "$(TARGET_NAME)";
				SWIFT_EMIT_LOC_STRINGS = NO;
				SWIFT_VERSION = 5.0;
				TARGETED_DEVICE_FAMILY = "1,2";
				TEST_TARGET_NAME = DataUSA;
			};
			name = Release;
		};
/* End XCBuildConfiguration section */

/* Begin XCConfigurationList section */
		22EE677B2C5A66FF00EAB0D0 /* Build configuration list for PBXProject "DataUSA" */ = {
			isa = XCConfigurationList;
			buildConfigurations = (
				22EE67A22C5A670200EAB0D0 /* Debug */,
				22EE67A32C5A670200EAB0D0 /* Release */,
			);
			defaultConfigurationIsVisible = 0;
			defaultConfigurationName = Release;
		};
		22EE67A42C5A670200EAB0D0 /* Build configuration list for PBXNativeTarget "DataUSA" */ = {
			isa = XCConfigurationList;
			buildConfigurations = (
				22EE67A52C5A670200EAB0D0 /* Debug */,
				22EE67A62C5A670200EAB0D0 /* Release */,
			);
			defaultConfigurationIsVisible = 0;
			defaultConfigurationName = Release;
		};
		22EE67A72C5A670200EAB0D0 /* Build configuration list for PBXNativeTarget "DataUSATests" */ = {
			isa = XCConfigurationList;
			buildConfigurations = (
				22EE67A82C5A670200EAB0D0 /* Debug */,
				22EE67A92C5A670200EAB0D0 /* Release */,
			);
			defaultConfigurationIsVisible = 0;
			defaultConfigurationName = Release;
		};
		22EE67AA2C5A670200EAB0D0 /* Build configuration list for PBXNativeTarget "DataUSAUITests" */ = {
			isa = XCConfigurationList;
			buildConfigurations = (
				22EE67AB2C5A670200EAB0D0 /* Debug */,
				22EE67AC2C5A670200EAB0D0 /* Release */,
			);
			defaultConfigurationIsVisible = 0;
			defaultConfigurationName = Release;
		};
/* End XCConfigurationList section */
	};
	rootObject = 22EE67782C5A66FF00EAB0D0 /* Project object */;
}
